
Microsoft Visual Studio Solution File, Format Version 12.00
# Visual Studio Version 17
VisualStudioVersion = 17.3.32922.545
MinimumVisualStudioVersion = 10.0.40219.1
Project("{9A19103F-16F7-4668-BE54-9A1E7A4F7556}") = "shirt", "shirt.csproj", "{F420F80D-3B3B-421E-AE6D-71D446403122}"
EndProject
Global
	GlobalSection(SolutionConfigurationPlatforms) = preSolution
		Debug|Any CPU = Debug|Any CPU
		Release|Any CPU = Release|Any CPU
	EndGlobalSection
	GlobalSection(ProjectConfigurationPlatforms) = postSolution
		{F420F80D-3B3B-421E-AE6D-71D446403122}.Debug|Any CPU.ActiveCfg = Debug|Any CPU
		{F420F80D-3B3B-421E-AE6D-71D446403122}.Debug|Any CPU.Build.0 = Debug|Any CPU
		{F420F80D-3B3B-421E-AE6D-71D446403122}.Release|Any CPU.ActiveCfg = Release|Any CPU
		{F420F80D-3B3B-421E-AE6D-71D446403122}.Release|Any CPU.Build.0 = Release|Any CPU
	EndGlobalSection
	GlobalSection(SolutionProperties) = preSolution
		HideSolutionNode = FALSE
	EndGlobalSection
	GlobalSection(ExtensibilityGlobals) = postSolution
		SolutionGuid = {22D186B1-8F8B-48D5-9EEE-2F7FD0F8EDFA}
	EndGlobalSection
EndGlobal
